// !$*UTF8*$!
{
	archiveVersion = 1;
	classes = {
	};
	objectVersion = 56;
	objects = {

/* Begin PBXBuildFile section */
		033960072C4E258000614EF2 /* AppDelegate.swift in Sources */ = {isa = PBXBuildFile; fileRef = 033960062C4E258000614EF2 /* AppDelegate.swift */; };
		033960092C4E258000614EF2 /* SceneDelegate.swift in Sources */ = {isa = PBXBuildFile; fileRef = 033960082C4E258000614EF2 /* SceneDelegate.swift */; };
		0339600B2C4E258000614EF2 /* OnBoardingViewController.swift in Sources */ = {isa = PBXBuildFile; fileRef = 0339600A2C4E258000614EF2 /* OnBoardingViewController.swift */; };
		033960102C4E258100614EF2 /* Assets.xcassets in Resources */ = {isa = PBXBuildFile; fileRef = 0339600F2C4E258100614EF2 /* Assets.xcassets */; };
		033960132C4E258100614EF2 /* Base in Resources */ = {isa = PBXBuildFile; fileRef = 033960122C4E258100614EF2 /* Base */; };
		0339601D2C4E42D800614EF2 /* launchImg@2x.png in Resources */ = {isa = PBXBuildFile; fileRef = 0339601A2C4E42D800614EF2 /* launchImg@2x.png */; };
		0339601E2C4E42D800614EF2 /* launchImg@3x.png in Resources */ = {isa = PBXBuildFile; fileRef = 0339601B2C4E42D800614EF2 /* launchImg@3x.png */; };
		0339601F2C4E42D800614EF2 /* launchImg.png in Resources */ = {isa = PBXBuildFile; fileRef = 0339601C2C4E42D800614EF2 /* launchImg.png */; };
		033960222C4E432600614EF2 /* SnapKit in Frameworks */ = {isa = PBXBuildFile; productRef = 033960212C4E432600614EF2 /* SnapKit */; };
		033960252C4E433C00614EF2 /* Kingfisher in Frameworks */ = {isa = PBXBuildFile; productRef = 033960242C4E433C00614EF2 /* Kingfisher */; };
		0339602B2C4E436E00614EF2 /* Toast in Frameworks */ = {isa = PBXBuildFile; productRef = 0339602A2C4E436E00614EF2 /* Toast */; };
		0339602D2C4E43D800614EF2 /* BaseViewController.swift in Sources */ = {isa = PBXBuildFile; fileRef = 0339602C2C4E43D800614EF2 /* BaseViewController.swift */; };
		033960302C4E483300614EF2 /* Then in Frameworks */ = {isa = PBXBuildFile; productRef = 0339602F2C4E483300614EF2 /* Then */; };
		033960322C4E544000614EF2 /* ProfileViewController.swift in Sources */ = {isa = PBXBuildFile; fileRef = 033960312C4E544000614EF2 /* ProfileViewController.swift */; };
		033960342C4E58D500614EF2 /* TabBarController.swift in Sources */ = {isa = PBXBuildFile; fileRef = 033960332C4E58D500614EF2 /* TabBarController.swift */; };
		033960362C4E5B1200614EF2 /* TopicViewController.swift in Sources */ = {isa = PBXBuildFile; fileRef = 033960352C4E5B1200614EF2 /* TopicViewController.swift */; };
		033960382C4E5B3500614EF2 /* RandomViewController.swift in Sources */ = {isa = PBXBuildFile; fileRef = 033960372C4E5B3500614EF2 /* RandomViewController.swift */; };
		0339603A2C4E5B8100614EF2 /* SearchViewController.swift in Sources */ = {isa = PBXBuildFile; fileRef = 033960392C4E5B8100614EF2 /* SearchViewController.swift */; };
		0339603C2C4E5C0800614EF2 /* LikeSearchViewController.swift in Sources */ = {isa = PBXBuildFile; fileRef = 0339603B2C4E5C0800614EF2 /* LikeSearchViewController.swift */; };
		0339603E2C4E5C7B00614EF2 /* ProfileImageSettingViewController.swift in Sources */ = {isa = PBXBuildFile; fileRef = 0339603D2C4E5C7B00614EF2 /* ProfileImageSettingViewController.swift */; };
		033960402C4E5CC100614EF2 /* ProfileImageSettingCollectionViewCell.swift in Sources */ = {isa = PBXBuildFile; fileRef = 0339603F2C4E5CC100614EF2 /* ProfileImageSettingCollectionViewCell.swift */; };
		033960432C4E650B00614EF2 /* IQKeyboardManagerSwift in Frameworks */ = {isa = PBXBuildFile; productRef = 033960422C4E650B00614EF2 /* IQKeyboardManagerSwift */; };
		034F39CF2C50F4330043E273 /* RealmSwift in Frameworks */ = {isa = PBXBuildFile; productRef = 034F39CE2C50F4330043E273 /* RealmSwift */; };
		034F39D02C50F4910043E273 /* RealmSwift in Embed Frameworks */ = {isa = PBXBuildFile; productRef = 034F39CE2C50F4330043E273 /* RealmSwift */; settings = {ATTRIBUTES = (CodeSignOnCopy, ); }; };
		034F39D32C5118A80043E273 /* TopicTableViewCell.swift in Sources */ = {isa = PBXBuildFile; fileRef = 034F39D22C5118A80043E273 /* TopicTableViewCell.swift */; };
		034F39D72C511EF30043E273 /* TopicCollectionViewCell.swift in Sources */ = {isa = PBXBuildFile; fileRef = 034F39D62C511EF30043E273 /* TopicCollectionViewCell.swift */; };
		034F39D92C511F0E0043E273 /* BaseCollectionViewCell.swift in Sources */ = {isa = PBXBuildFile; fileRef = 034F39D82C511F0E0043E273 /* BaseCollectionViewCell.swift */; };
		034F39DC2C514AE30043E273 /* UnsplashAPI.swift in Sources */ = {isa = PBXBuildFile; fileRef = 034F39DB2C514AE30043E273 /* UnsplashAPI.swift */; };
		034F39DF2C514B070043E273 /* Alamofire in Frameworks */ = {isa = PBXBuildFile; productRef = 034F39DE2C514B070043E273 /* Alamofire */; };
		034F39E12C514FB40043E273 /* UnsplashRequest.swift in Sources */ = {isa = PBXBuildFile; fileRef = 034F39E02C514FB40043E273 /* UnsplashRequest.swift */; };
		034F39E32C51D5630043E273 /* .gitignore in Resources */ = {isa = PBXBuildFile; fileRef = 034F39E22C51D5630043E273 /* .gitignore */; };
		034F39E52C51D5B00043E273 /* APIKey.swift in Sources */ = {isa = PBXBuildFile; fileRef = 034F39E42C51D5B00043E273 /* APIKey.swift */; };
		034F3A042C52420E0043E273 /* PictureDetailViewController.swift in Sources */ = {isa = PBXBuildFile; fileRef = 034F3A032C52420E0043E273 /* PictureDetailViewController.swift */; };
		034F3A092C53851C0043E273 /* SearchCollectionViewCell.swift in Sources */ = {isa = PBXBuildFile; fileRef = 034F3A082C53851C0043E273 /* SearchCollectionViewCell.swift */; };
		034F3A0C2C5395770043E273 /* Colors.swift in Sources */ = {isa = PBXBuildFile; fileRef = 034F3A0B2C5395770043E273 /* Colors.swift */; };
		034F3A0E2C54FEE10043E273 /* RealmModel.swift in Sources */ = {isa = PBXBuildFile; fileRef = 034F3A0D2C54FEE10043E273 /* RealmModel.swift */; };
/* End PBXBuildFile section */

/* Begin PBXCopyFilesBuildPhase section */
		034F39D12C50F4910043E273 /* Embed Frameworks */ = {
			isa = PBXCopyFilesBuildPhase;
			buildActionMask = 2147483647;
			dstPath = "";
			dstSubfolderSpec = 10;
			files = (
				034F39D02C50F4910043E273 /* RealmSwift in Embed Frameworks */,
			);
			name = "Embed Frameworks";
			runOnlyForDeploymentPostprocessing = 0;
		};
/* End PBXCopyFilesBuildPhase section */

/* Begin PBXFileReference section */
		033960032C4E258000614EF2 /* Picha.app */ = {isa = PBXFileReference; explicitFileType = wrapper.application; includeInIndex = 0; path = Picha.app; sourceTree = BUILT_PRODUCTS_DIR; };
		033960062C4E258000614EF2 /* AppDelegate.swift */ = {isa = PBXFileReference; lastKnownFileType = sourcecode.swift; path = AppDelegate.swift; sourceTree = "<group>"; };
		033960082C4E258000614EF2 /* SceneDelegate.swift */ = {isa = PBXFileReference; lastKnownFileType = sourcecode.swift; path = SceneDelegate.swift; sourceTree = "<group>"; };
		0339600A2C4E258000614EF2 /* OnBoardingViewController.swift */ = {isa = PBXFileReference; lastKnownFileType = sourcecode.swift; path = OnBoardingViewController.swift; sourceTree = "<group>"; };
		0339600F2C4E258100614EF2 /* Assets.xcassets */ = {isa = PBXFileReference; lastKnownFileType = folder.assetcatalog; path = Assets.xcassets; sourceTree = "<group>"; };
		033960122C4E258100614EF2 /* Base */ = {isa = PBXFileReference; lastKnownFileType = file.storyboard; name = Base; path = Base.lproj/LaunchScreen.storyboard; sourceTree = "<group>"; };
		033960142C4E258100614EF2 /* Info.plist */ = {isa = PBXFileReference; lastKnownFileType = text.plist.xml; path = Info.plist; sourceTree = "<group>"; };
		0339601A2C4E42D800614EF2 /* launchImg@2x.png */ = {isa = PBXFileReference; lastKnownFileType = image.png; path = "launchImg@2x.png"; sourceTree = "<group>"; };
		0339601B2C4E42D800614EF2 /* launchImg@3x.png */ = {isa = PBXFileReference; lastKnownFileType = image.png; path = "launchImg@3x.png"; sourceTree = "<group>"; };
		0339601C2C4E42D800614EF2 /* launchImg.png */ = {isa = PBXFileReference; lastKnownFileType = image.png; path = launchImg.png; sourceTree = "<group>"; };
		0339602C2C4E43D800614EF2 /* BaseViewController.swift */ = {isa = PBXFileReference; lastKnownFileType = sourcecode.swift; path = BaseViewController.swift; sourceTree = "<group>"; };
		033960312C4E544000614EF2 /* ProfileViewController.swift */ = {isa = PBXFileReference; lastKnownFileType = sourcecode.swift; path = ProfileViewController.swift; sourceTree = "<group>"; };
		033960332C4E58D500614EF2 /* TabBarController.swift */ = {isa = PBXFileReference; lastKnownFileType = sourcecode.swift; path = TabBarController.swift; sourceTree = "<group>"; };
		033960352C4E5B1200614EF2 /* TopicViewController.swift */ = {isa = PBXFileReference; lastKnownFileType = sourcecode.swift; path = TopicViewController.swift; sourceTree = "<group>"; };
		033960372C4E5B3500614EF2 /* RandomViewController.swift */ = {isa = PBXFileReference; lastKnownFileType = sourcecode.swift; path = RandomViewController.swift; sourceTree = "<group>"; };
		033960392C4E5B8100614EF2 /* SearchViewController.swift */ = {isa = PBXFileReference; lastKnownFileType = sourcecode.swift; path = SearchViewController.swift; sourceTree = "<group>"; };
		0339603B2C4E5C0800614EF2 /* LikeSearchViewController.swift */ = {isa = PBXFileReference; lastKnownFileType = sourcecode.swift; path = LikeSearchViewController.swift; sourceTree = "<group>"; };
		0339603D2C4E5C7B00614EF2 /* ProfileImageSettingViewController.swift */ = {isa = PBXFileReference; lastKnownFileType = sourcecode.swift; path = ProfileImageSettingViewController.swift; sourceTree = "<group>"; };
		0339603F2C4E5CC100614EF2 /* ProfileImageSettingCollectionViewCell.swift */ = {isa = PBXFileReference; lastKnownFileType = sourcecode.swift; path = ProfileImageSettingCollectionViewCell.swift; sourceTree = "<group>"; };
		034F39D22C5118A80043E273 /* TopicTableViewCell.swift */ = {isa = PBXFileReference; lastKnownFileType = sourcecode.swift; path = TopicTableViewCell.swift; sourceTree = "<group>"; };
		034F39D62C511EF30043E273 /* TopicCollectionViewCell.swift */ = {isa = PBXFileReference; lastKnownFileType = sourcecode.swift; path = TopicCollectionViewCell.swift; sourceTree = "<group>"; };
		034F39D82C511F0E0043E273 /* BaseCollectionViewCell.swift */ = {isa = PBXFileReference; lastKnownFileType = sourcecode.swift; path = BaseCollectionViewCell.swift; sourceTree = "<group>"; };
		034F39DB2C514AE30043E273 /* UnsplashAPI.swift */ = {isa = PBXFileReference; lastKnownFileType = sourcecode.swift; path = UnsplashAPI.swift; sourceTree = "<group>"; };
		034F39E02C514FB40043E273 /* UnsplashRequest.swift */ = {isa = PBXFileReference; lastKnownFileType = sourcecode.swift; path = UnsplashRequest.swift; sourceTree = "<group>"; };
		034F39E22C51D5630043E273 /* .gitignore */ = {isa = PBXFileReference; lastKnownFileType = text; path = .gitignore; sourceTree = "<group>"; };
		034F39E42C51D5B00043E273 /* APIKey.swift */ = {isa = PBXFileReference; lastKnownFileType = sourcecode.swift; path = APIKey.swift; sourceTree = "<group>"; };
		034F3A032C52420E0043E273 /* PictureDetailViewController.swift */ = {isa = PBXFileReference; lastKnownFileType = sourcecode.swift; path = PictureDetailViewController.swift; sourceTree = "<group>"; };
		034F3A082C53851C0043E273 /* SearchCollectionViewCell.swift */ = {isa = PBXFileReference; lastKnownFileType = sourcecode.swift; path = SearchCollectionViewCell.swift; sourceTree = "<group>"; };
		034F3A0B2C5395770043E273 /* Colors.swift */ = {isa = PBXFileReference; lastKnownFileType = sourcecode.swift; path = Colors.swift; sourceTree = "<group>"; };
		034F3A0D2C54FEE10043E273 /* RealmModel.swift */ = {isa = PBXFileReference; lastKnownFileType = sourcecode.swift; path = RealmModel.swift; sourceTree = "<group>"; };
/* End PBXFileReference section */

/* Begin PBXFrameworksBuildPhase section */
		033960002C4E258000614EF2 /* Frameworks */ = {
			isa = PBXFrameworksBuildPhase;
			buildActionMask = 2147483647;
			files = (
				034F39CF2C50F4330043E273 /* RealmSwift in Frameworks */,
				034F39DF2C514B070043E273 /* Alamofire in Frameworks */,
				033960302C4E483300614EF2 /* Then in Frameworks */,
				0339602B2C4E436E00614EF2 /* Toast in Frameworks */,
				033960252C4E433C00614EF2 /* Kingfisher in Frameworks */,
				033960222C4E432600614EF2 /* SnapKit in Frameworks */,
				033960432C4E650B00614EF2 /* IQKeyboardManagerSwift in Frameworks */,
			);
			runOnlyForDeploymentPostprocessing = 0;
		};
/* End PBXFrameworksBuildPhase section */

/* Begin PBXGroup section */
		03395FFA2C4E258000614EF2 = {
			isa = PBXGroup;
			children = (
				034F39E22C51D5630043E273 /* .gitignore */,
				033960052C4E258000614EF2 /* Picha */,
				033960042C4E258000614EF2 /* Products */,
			);
			sourceTree = "<group>";
		};
		033960042C4E258000614EF2 /* Products */ = {
			isa = PBXGroup;
			children = (
				033960032C4E258000614EF2 /* Picha.app */,
			);
			name = Products;
			sourceTree = "<group>";
		};
		033960052C4E258000614EF2 /* Picha */ = {
			isa = PBXGroup;
			children = (
				034F3A0A2C5386040043E273 /* Base */,
				034F39DA2C514ACD0043E273 /* Network */,
				034F3A072C53850A0043E273 /* Search */,
				034F3A052C5384DB0043E273 /* Profile */,
				034F3A062C5384F20043E273 /* Topic */,
				033960062C4E258000614EF2 /* AppDelegate.swift */,
				033960082C4E258000614EF2 /* SceneDelegate.swift */,
				0339600A2C4E258000614EF2 /* OnBoardingViewController.swift */,
				033960332C4E58D500614EF2 /* TabBarController.swift */,
				033960372C4E5B3500614EF2 /* RandomViewController.swift */,
				0339603B2C4E5C0800614EF2 /* LikeSearchViewController.swift */,
				034F3A032C52420E0043E273 /* PictureDetailViewController.swift */,
				0339600F2C4E258100614EF2 /* Assets.xcassets */,
				033960112C4E258100614EF2 /* LaunchScreen.storyboard */,
				033960142C4E258100614EF2 /* Info.plist */,
				0339601C2C4E42D800614EF2 /* launchImg.png */,
				0339601A2C4E42D800614EF2 /* launchImg@2x.png */,
				0339601B2C4E42D800614EF2 /* launchImg@3x.png */,
				034F3A0B2C5395770043E273 /* Colors.swift */,
				034F3A0D2C54FEE10043E273 /* RealmModel.swift */,
			);
			path = Picha;
			sourceTree = "<group>";
		};
		034F39DA2C514ACD0043E273 /* Network */ = {
			isa = PBXGroup;
			children = (
				034F39DB2C514AE30043E273 /* UnsplashAPI.swift */,
				034F39E02C514FB40043E273 /* UnsplashRequest.swift */,
				034F39E42C51D5B00043E273 /* APIKey.swift */,
			);
			path = Network;
			sourceTree = "<group>";
		};
		034F3A052C5384DB0043E273 /* Profile */ = {
			isa = PBXGroup;
			children = (
				033960312C4E544000614EF2 /* ProfileViewController.swift */,
				0339603D2C4E5C7B00614EF2 /* ProfileImageSettingViewController.swift */,
				0339603F2C4E5CC100614EF2 /* ProfileImageSettingCollectionViewCell.swift */,
			);
			path = Profile;
			sourceTree = "<group>";
		};
		034F3A062C5384F20043E273 /* Topic */ = {
			isa = PBXGroup;
			children = (
				033960352C4E5B1200614EF2 /* TopicViewController.swift */,
				034F39D22C5118A80043E273 /* TopicTableViewCell.swift */,
				034F39D62C511EF30043E273 /* TopicCollectionViewCell.swift */,
			);
			path = Topic;
			sourceTree = "<group>";
		};
		034F3A072C53850A0043E273 /* Search */ = {
			isa = PBXGroup;
			children = (
				033960392C4E5B8100614EF2 /* SearchViewController.swift */,
				034F3A082C53851C0043E273 /* SearchCollectionViewCell.swift */,
			);
			path = Search;
			sourceTree = "<group>";
		};
		034F3A0A2C5386040043E273 /* Base */ = {
			isa = PBXGroup;
			children = (
				0339602C2C4E43D800614EF2 /* BaseViewController.swift */,
				034F39D82C511F0E0043E273 /* BaseCollectionViewCell.swift */,
			);
			path = Base;
			sourceTree = "<group>";
		};
/* End PBXGroup section */

/* Begin PBXNativeTarget section */
		033960022C4E258000614EF2 /* Picha */ = {
			isa = PBXNativeTarget;
			buildConfigurationList = 033960172C4E258100614EF2 /* Build configuration list for PBXNativeTarget "Picha" */;
			buildPhases = (
				03395FFF2C4E258000614EF2 /* Sources */,
				033960002C4E258000614EF2 /* Frameworks */,
				033960012C4E258000614EF2 /* Resources */,
				034F39D12C50F4910043E273 /* Embed Frameworks */,
			);
			buildRules = (
			);
			dependencies = (
			);
			name = Picha;
			packageProductDependencies = (
				033960212C4E432600614EF2 /* SnapKit */,
				033960242C4E433C00614EF2 /* Kingfisher */,
				0339602A2C4E436E00614EF2 /* Toast */,
				0339602F2C4E483300614EF2 /* Then */,
				033960422C4E650B00614EF2 /* IQKeyboardManagerSwift */,
				034F39CE2C50F4330043E273 /* RealmSwift */,
				034F39DE2C514B070043E273 /* Alamofire */,
			);
			productName = Picha;
			productReference = 033960032C4E258000614EF2 /* Picha.app */;
			productType = "com.apple.product-type.application";
		};
/* End PBXNativeTarget section */

/* Begin PBXProject section */
		03395FFB2C4E258000614EF2 /* Project object */ = {
			isa = PBXProject;
			attributes = {
				BuildIndependentTargetsInParallel = 1;
				LastSwiftUpdateCheck = 1530;
				LastUpgradeCheck = 1530;
				TargetAttributes = {
					033960022C4E258000614EF2 = {
						CreatedOnToolsVersion = 15.3;
					};
				};
			};
			buildConfigurationList = 03395FFE2C4E258000614EF2 /* Build configuration list for PBXProject "Picha" */;
			compatibilityVersion = "Xcode 14.0";
			developmentRegion = en;
			hasScannedForEncodings = 0;
			knownRegions = (
				en,
				Base,
			);
			mainGroup = 03395FFA2C4E258000614EF2;
			packageReferences = (
				033960202C4E432600614EF2 /* XCRemoteSwiftPackageReference "SnapKit" */,
				033960232C4E433C00614EF2 /* XCRemoteSwiftPackageReference "Kingfisher" */,
				033960292C4E436E00614EF2 /* XCRemoteSwiftPackageReference "Toast-Swift" */,
				0339602E2C4E483300614EF2 /* XCRemoteSwiftPackageReference "Then" */,
				033960412C4E650B00614EF2 /* XCRemoteSwiftPackageReference "IQKeyboardManager" */,
				034F39CD2C50F4330043E273 /* XCRemoteSwiftPackageReference "realm-swift" */,
				034F39DD2C514B070043E273 /* XCRemoteSwiftPackageReference "Alamofire" */,
			);
			productRefGroup = 033960042C4E258000614EF2 /* Products */;
			projectDirPath = "";
			projectRoot = "";
			targets = (
				033960022C4E258000614EF2 /* Picha */,
			);
		};
/* End PBXProject section */

/* Begin PBXResourcesBuildPhase section */
		033960012C4E258000614EF2 /* Resources */ = {
			isa = PBXResourcesBuildPhase;
			buildActionMask = 2147483647;
			files = (
				0339601D2C4E42D800614EF2 /* launchImg@2x.png in Resources */,
				033960102C4E258100614EF2 /* Assets.xcassets in Resources */,
				0339601E2C4E42D800614EF2 /* launchImg@3x.png in Resources */,
				0339601F2C4E42D800614EF2 /* launchImg.png in Resources */,
				034F39E32C51D5630043E273 /* .gitignore in Resources */,
				033960132C4E258100614EF2 /* Base in Resources */,
			);
			runOnlyForDeploymentPostprocessing = 0;
		};
/* End PBXResourcesBuildPhase section */

/* Begin PBXSourcesBuildPhase section */
		03395FFF2C4E258000614EF2 /* Sources */ = {
			isa = PBXSourcesBuildPhase;
			buildActionMask = 2147483647;
			files = (
				0339600B2C4E258000614EF2 /* OnBoardingViewController.swift in Sources */,
				034F3A042C52420E0043E273 /* PictureDetailViewController.swift in Sources */,
				0339603C2C4E5C0800614EF2 /* LikeSearchViewController.swift in Sources */,
				034F3A0E2C54FEE10043E273 /* RealmModel.swift in Sources */,
				034F39D32C5118A80043E273 /* TopicTableViewCell.swift in Sources */,
				0339602D2C4E43D800614EF2 /* BaseViewController.swift in Sources */,
				034F39DC2C514AE30043E273 /* UnsplashAPI.swift in Sources */,
				033960322C4E544000614EF2 /* ProfileViewController.swift in Sources */,
				034F39E12C514FB40043E273 /* UnsplashRequest.swift in Sources */,
				034F39D92C511F0E0043E273 /* BaseCollectionViewCell.swift in Sources */,
				0339603A2C4E5B8100614EF2 /* SearchViewController.swift in Sources */,
				034F3A0C2C5395770043E273 /* Colors.swift in Sources */,
				033960072C4E258000614EF2 /* AppDelegate.swift in Sources */,
				033960342C4E58D500614EF2 /* TabBarController.swift in Sources */,
				034F39D72C511EF30043E273 /* TopicCollectionViewCell.swift in Sources */,
				033960382C4E5B3500614EF2 /* RandomViewController.swift in Sources */,
				034F3A092C53851C0043E273 /* SearchCollectionViewCell.swift in Sources */,
				033960092C4E258000614EF2 /* SceneDelegate.swift in Sources */,
				033960362C4E5B1200614EF2 /* TopicViewController.swift in Sources */,
				0339603E2C4E5C7B00614EF2 /* ProfileImageSettingViewController.swift in Sources */,
				034F39E52C51D5B00043E273 /* APIKey.swift in Sources */,
				033960402C4E5CC100614EF2 /* ProfileImageSettingCollectionViewCell.swift in Sources */,
			);
			runOnlyForDeploymentPostprocessing = 0;
		};
/* End PBXSourcesBuildPhase section */

/* Begin PBXVariantGroup section */
		033960112C4E258100614EF2 /* LaunchScreen.storyboard */ = {
			isa = PBXVariantGroup;
			children = (
				033960122C4E258100614EF2 /* Base */,
			);
			name = LaunchScreen.storyboard;
			sourceTree = "<group>";
		};
/* End PBXVariantGroup section */

/* Begin XCBuildConfiguration section */
		033960152C4E258100614EF2 /* Debug */ = {
			isa = XCBuildConfiguration;
			buildSettings = {
				ALWAYS_SEARCH_USER_PATHS = NO;
				ASSETCATALOG_COMPILER_GENERATE_SWIFT_ASSET_SYMBOL_EXTENSIONS = YES;
				CLANG_ANALYZER_NONNULL = YES;
				CLANG_ANALYZER_NUMBER_OBJECT_CONVERSION = YES_AGGRESSIVE;
				CLANG_CXX_LANGUAGE_STANDARD = "gnu++20";
				CLANG_ENABLE_MODULES = YES;
				CLANG_ENABLE_OBJC_ARC = YES;
				CLANG_ENABLE_OBJC_WEAK = YES;
				CLANG_WARN_BLOCK_CAPTURE_AUTORELEASING = YES;
				CLANG_WARN_BOOL_CONVERSION = YES;
				CLANG_WARN_COMMA = YES;
				CLANG_WARN_CONSTANT_CONVERSION = YES;
				CLANG_WARN_DEPRECATED_OBJC_IMPLEMENTATIONS = YES;
				CLANG_WARN_DIRECT_OBJC_ISA_USAGE = YES_ERROR;
				CLANG_WARN_DOCUMENTATION_COMMENTS = YES;
				CLANG_WARN_EMPTY_BODY = YES;
				CLANG_WARN_ENUM_CONVERSION = YES;
				CLANG_WARN_INFINITE_RECURSION = YES;
				CLANG_WARN_INT_CONVERSION = YES;
				CLANG_WARN_NON_LITERAL_NULL_CONVERSION = YES;
				CLANG_WARN_OBJC_IMPLICIT_RETAIN_SELF = YES;
				CLANG_WARN_OBJC_LITERAL_CONVERSION = YES;
				CLANG_WARN_OBJC_ROOT_CLASS = YES_ERROR;
				CLANG_WARN_QUOTED_INCLUDE_IN_FRAMEWORK_HEADER = YES;
				CLANG_WARN_RANGE_LOOP_ANALYSIS = YES;
				CLANG_WARN_STRICT_PROTOTYPES = YES;
				CLANG_WARN_SUSPICIOUS_MOVE = YES;
				CLANG_WARN_UNGUARDED_AVAILABILITY = YES_AGGRESSIVE;
				CLANG_WARN_UNREACHABLE_CODE = YES;
				CLANG_WARN__DUPLICATE_METHOD_MATCH = YES;
				COPY_PHASE_STRIP = NO;
				DEBUG_INFORMATION_FORMAT = dwarf;
				ENABLE_STRICT_OBJC_MSGSEND = YES;
				ENABLE_TESTABILITY = YES;
				ENABLE_USER_SCRIPT_SANDBOXING = YES;
				GCC_C_LANGUAGE_STANDARD = gnu17;
				GCC_DYNAMIC_NO_PIC = NO;
				GCC_NO_COMMON_BLOCKS = YES;
				GCC_OPTIMIZATION_LEVEL = 0;
				GCC_PREPROCESSOR_DEFINITIONS = (
					"DEBUG=1",
					"$(inherited)",
				);
				GCC_WARN_64_TO_32_BIT_CONVERSION = YES;
				GCC_WARN_ABOUT_RETURN_TYPE = YES_ERROR;
				GCC_WARN_UNDECLARED_SELECTOR = YES;
				GCC_WARN_UNINITIALIZED_AUTOS = YES_AGGRESSIVE;
				GCC_WARN_UNUSED_FUNCTION = YES;
				GCC_WARN_UNUSED_VARIABLE = YES;
				IPHONEOS_DEPLOYMENT_TARGET = 17.4;
				LOCALIZATION_PREFERS_STRING_CATALOGS = YES;
				MTL_ENABLE_DEBUG_INFO = INCLUDE_SOURCE;
				MTL_FAST_MATH = YES;
				ONLY_ACTIVE_ARCH = YES;
				SDKROOT = iphoneos;
				SWIFT_ACTIVE_COMPILATION_CONDITIONS = "DEBUG $(inherited)";
				SWIFT_OPTIMIZATION_LEVEL = "-Onone";
			};
			name = Debug;
		};
		033960162C4E258100614EF2 /* Release */ = {
			isa = XCBuildConfiguration;
			buildSettings = {
				ALWAYS_SEARCH_USER_PATHS = NO;
				ASSETCATALOG_COMPILER_GENERATE_SWIFT_ASSET_SYMBOL_EXTENSIONS = YES;
				CLANG_ANALYZER_NONNULL = YES;
				CLANG_ANALYZER_NUMBER_OBJECT_CONVERSION = YES_AGGRESSIVE;
				CLANG_CXX_LANGUAGE_STANDARD = "gnu++20";
				CLANG_ENABLE_MODULES = YES;
				CLANG_ENABLE_OBJC_ARC = YES;
				CLANG_ENABLE_OBJC_WEAK = YES;
				CLANG_WARN_BLOCK_CAPTURE_AUTORELEASING = YES;
				CLANG_WARN_BOOL_CONVERSION = YES;
				CLANG_WARN_COMMA = YES;
				CLANG_WARN_CONSTANT_CONVERSION = YES;
				CLANG_WARN_DEPRECATED_OBJC_IMPLEMENTATIONS = YES;
				CLANG_WARN_DIRECT_OBJC_ISA_USAGE = YES_ERROR;
				CLANG_WARN_DOCUMENTATION_COMMENTS = YES;
				CLANG_WARN_EMPTY_BODY = YES;
				CLANG_WARN_ENUM_CONVERSION = YES;
				CLANG_WARN_INFINITE_RECURSION = YES;
				CLANG_WARN_INT_CONVERSION = YES;
				CLANG_WARN_NON_LITERAL_NULL_CONVERSION = YES;
				CLANG_WARN_OBJC_IMPLICIT_RETAIN_SELF = YES;
				CLANG_WARN_OBJC_LITERAL_CONVERSION = YES;
				CLANG_WARN_OBJC_ROOT_CLASS = YES_ERROR;
				CLANG_WARN_QUOTED_INCLUDE_IN_FRAMEWORK_HEADER = YES;
				CLANG_WARN_RANGE_LOOP_ANALYSIS = YES;
				CLANG_WARN_STRICT_PROTOTYPES = YES;
				CLANG_WARN_SUSPICIOUS_MOVE = YES;
				CLANG_WARN_UNGUARDED_AVAILABILITY = YES_AGGRESSIVE;
				CLANG_WARN_UNREACHABLE_CODE = YES;
				CLANG_WARN__DUPLICATE_METHOD_MATCH = YES;
				COPY_PHASE_STRIP = NO;
				DEBUG_INFORMATION_FORMAT = "dwarf-with-dsym";
				ENABLE_NS_ASSERTIONS = NO;
				ENABLE_STRICT_OBJC_MSGSEND = YES;
				ENABLE_USER_SCRIPT_SANDBOXING = YES;
				GCC_C_LANGUAGE_STANDARD = gnu17;
				GCC_NO_COMMON_BLOCKS = YES;
				GCC_WARN_64_TO_32_BIT_CONVERSION = YES;
				GCC_WARN_ABOUT_RETURN_TYPE = YES_ERROR;
				GCC_WARN_UNDECLARED_SELECTOR = YES;
				GCC_WARN_UNINITIALIZED_AUTOS = YES_AGGRESSIVE;
				GCC_WARN_UNUSED_FUNCTION = YES;
				GCC_WARN_UNUSED_VARIABLE = YES;
				IPHONEOS_DEPLOYMENT_TARGET = 17.4;
				LOCALIZATION_PREFERS_STRING_CATALOGS = YES;
				MTL_ENABLE_DEBUG_INFO = NO;
				MTL_FAST_MATH = YES;
				SDKROOT = iphoneos;
				SWIFT_COMPILATION_MODE = wholemodule;
				VALIDATE_PRODUCT = YES;
			};
			name = Release;
		};
		033960182C4E258100614EF2 /* Debug */ = {
			isa = XCBuildConfiguration;
			buildSettings = {
				ASSETCATALOG_COMPILER_APPICON_NAME = AppIcon;
				ASSETCATALOG_COMPILER_GLOBAL_ACCENT_COLOR_NAME = AccentColor;
				CODE_SIGN_STYLE = Automatic;
				CURRENT_PROJECT_VERSION = 1;
				DEVELOPMENT_TEAM = N727744RT8;
				GENERATE_INFOPLIST_FILE = YES;
				INFOPLIST_FILE = Picha/Info.plist;
				INFOPLIST_KEY_UIApplicationSupportsIndirectInputEvents = YES;
				INFOPLIST_KEY_UILaunchStoryboardName = LaunchScreen;
				INFOPLIST_KEY_UISupportedInterfaceOrientations = UIInterfaceOrientationPortrait;
				IPHONEOS_DEPLOYMENT_TARGET = 15;
				LD_RUNPATH_SEARCH_PATHS = (
					"$(inherited)",
					"@executable_path/Frameworks",
				);
				MARKETING_VERSION = 1.0;
				PRODUCT_BUNDLE_IDENTIFIER = com.jimmy.Picha;
				PRODUCT_NAME = "$(TARGET_NAME)";
				SUPPORTED_PLATFORMS = "iphoneos iphonesimulator";
				SUPPORTS_MACCATALYST = NO;
				SUPPORTS_MAC_DESIGNED_FOR_IPHONE_IPAD = NO;
				SUPPORTS_XR_DESIGNED_FOR_IPHONE_IPAD = NO;
				SWIFT_EMIT_LOC_STRINGS = YES;
				SWIFT_VERSION = 5.0;
				TARGETED_DEVICE_FAMILY = 1;
			};
			name = Debug;
		};
		033960192C4E258100614EF2 /* Release */ = {
			isa = XCBuildConfiguration;
			buildSettings = {
				ASSETCATALOG_COMPILER_APPICON_NAME = AppIcon;
				ASSETCATALOG_COMPILER_GLOBAL_ACCENT_COLOR_NAME = AccentColor;
				CODE_SIGN_STYLE = Automatic;
				CURRENT_PROJECT_VERSION = 1;
				DEVELOPMENT_TEAM = N727744RT8;
				GENERATE_INFOPLIST_FILE = YES;
				INFOPLIST_FILE = Picha/Info.plist;
				INFOPLIST_KEY_UIApplicationSupportsIndirectInputEvents = YES;
				INFOPLIST_KEY_UILaunchStoryboardName = LaunchScreen;
				INFOPLIST_KEY_UISupportedInterfaceOrientations = UIInterfaceOrientationPortrait;
				IPHONEOS_DEPLOYMENT_TARGET = 15;
				LD_RUNPATH_SEARCH_PATHS = (
					"$(inherited)",
					"@executable_path/Frameworks",
				);
				MARKETING_VERSION = 1.0;
				PRODUCT_BUNDLE_IDENTIFIER = com.jimmy.Picha;
				PRODUCT_NAME = "$(TARGET_NAME)";
				SUPPORTED_PLATFORMS = "iphoneos iphonesimulator";
				SUPPORTS_MACCATALYST = NO;
				SUPPORTS_MAC_DESIGNED_FOR_IPHONE_IPAD = NO;
				SUPPORTS_XR_DESIGNED_FOR_IPHONE_IPAD = NO;
				SWIFT_EMIT_LOC_STRINGS = YES;
				SWIFT_VERSION = 5.0;
				TARGETED_DEVICE_FAMILY = 1;
			};
			name = Release;
		};
/* End XCBuildConfiguration section */

/* Begin XCConfigurationList section */
		03395FFE2C4E258000614EF2 /* Build configuration list for PBXProject "Picha" */ = {
			isa = XCConfigurationList;
			buildConfigurations = (
				033960152C4E258100614EF2 /* Debug */,
				033960162C4E258100614EF2 /* Release */,
			);
			defaultConfigurationIsVisible = 0;
			defaultConfigurationName = Release;
		};
		033960172C4E258100614EF2 /* Build configuration list for PBXNativeTarget "Picha" */ = {
			isa = XCConfigurationList;
			buildConfigurations = (
				033960182C4E258100614EF2 /* Debug */,
				033960192C4E258100614EF2 /* Release */,
			);
			defaultConfigurationIsVisible = 0;
			defaultConfigurationName = Release;
		};
/* End XCConfigurationList section */

/* Begin XCRemoteSwiftPackageReference section */
		033960202C4E432600614EF2 /* XCRemoteSwiftPackageReference "SnapKit" */ = {
			isa = XCRemoteSwiftPackageReference;
			repositoryURL = "https://github.com/SnapKit/SnapKit.git";
			requirement = {
				kind = upToNextMajorVersion;
				minimumVersion = 5.7.1;
			};
		};
		033960232C4E433C00614EF2 /* XCRemoteSwiftPackageReference "Kingfisher" */ = {
			isa = XCRemoteSwiftPackageReference;
			repositoryURL = "https://github.com/onevcat/Kingfisher.git";
			requirement = {
				kind = upToNextMajorVersion;
				minimumVersion = 7.12.0;
			};
		};
		033960292C4E436E00614EF2 /* XCRemoteSwiftPackageReference "Toast-Swift" */ = {
			isa = XCRemoteSwiftPackageReference;
			repositoryURL = "https://github.com/scalessec/Toast-Swift.git";
			requirement = {
				kind = upToNextMajorVersion;
				minimumVersion = 5.1.1;
			};
		};
		0339602E2C4E483300614EF2 /* XCRemoteSwiftPackageReference "Then" */ = {
			isa = XCRemoteSwiftPackageReference;
			repositoryURL = "https://github.com/devxoul/Then.git";
			requirement = {
				kind = upToNextMajorVersion;
				minimumVersion = 3.0.0;
			};
		};
		033960412C4E650B00614EF2 /* XCRemoteSwiftPackageReference "IQKeyboardManager" */ = {
			isa = XCRemoteSwiftPackageReference;
			repositoryURL = "https://github.com/hackiftekhar/IQKeyboardManager.git";
			requirement = {
				kind = upToNextMajorVersion;
				minimumVersion = 7.1.1;
			};
		};
		034F39CD2C50F4330043E273 /* XCRemoteSwiftPackageReference "realm-swift" */ = {
			isa = XCRemoteSwiftPackageReference;
			repositoryURL = "https://github.com/realm/realm-swift.git";
			requirement = {
				branch = master;
				kind = branch;
			};
		};
		034F39DD2C514B070043E273 /* XCRemoteSwiftPackageReference "Alamofire" */ = {
			isa = XCRemoteSwiftPackageReference;
			repositoryURL = "https://github.com/Alamofire/Alamofire.git";
			requirement = {
				kind = upToNextMajorVersion;
				minimumVersion = 5.9.1;
			};
		};
/* End XCRemoteSwiftPackageReference section */

/* Begin XCSwiftPackageProductDependency section */
		033960212C4E432600614EF2 /* SnapKit */ = {
			isa = XCSwiftPackageProductDependency;
			package = 033960202C4E432600614EF2 /* XCRemoteSwiftPackageReference "SnapKit" */;
			productName = SnapKit;
		};
		033960242C4E433C00614EF2 /* Kingfisher */ = {
			isa = XCSwiftPackageProductDependency;
			package = 033960232C4E433C00614EF2 /* XCRemoteSwiftPackageReference "Kingfisher" */;
			productName = Kingfisher;
		};
		0339602A2C4E436E00614EF2 /* Toast */ = {
			isa = XCSwiftPackageProductDependency;
			package = 033960292C4E436E00614EF2 /* XCRemoteSwiftPackageReference "Toast-Swift" */;
			productName = Toast;
		};
		0339602F2C4E483300614EF2 /* Then */ = {
			isa = XCSwiftPackageProductDependency;
			package = 0339602E2C4E483300614EF2 /* XCRemoteSwiftPackageReference "Then" */;
			productName = Then;
		};
		033960422C4E650B00614EF2 /* IQKeyboardManagerSwift */ = {
			isa = XCSwiftPackageProductDependency;
			package = 033960412C4E650B00614EF2 /* XCRemoteSwiftPackageReference "IQKeyboardManager" */;
			productName = IQKeyboardManagerSwift;
		};
		034F39CE2C50F4330043E273 /* RealmSwift */ = {
			isa = XCSwiftPackageProductDependency;
			package = 034F39CD2C50F4330043E273 /* XCRemoteSwiftPackageReference "realm-swift" */;
			productName = RealmSwift;
		};
		034F39DE2C514B070043E273 /* Alamofire */ = {
			isa = XCSwiftPackageProductDependency;
			package = 034F39DD2C514B070043E273 /* XCRemoteSwiftPackageReference "Alamofire" */;
			productName = Alamofire;
		};
/* End XCSwiftPackageProductDependency section */
	};
	rootObject = 03395FFB2C4E258000614EF2 /* Project object */;
}
